// !$*UTF8*$!
{
	archiveVersion = 1;
	classes = {
	};
	objectVersion = 46;
	objects = {

/* Begin PBXBuildFile section */
		07767AAA1ADA86F4003EE2FA /* AppDelegate.swift in Sources */ = {isa = PBXBuildFile; fileRef = 07767AA91ADA86F4003EE2FA /* AppDelegate.swift */; };
		07767AAF1ADA86F4003EE2FA /* Main.storyboard in Resources */ = {isa = PBXBuildFile; fileRef = 07767AAD1ADA86F4003EE2FA /* Main.storyboard */; };
		07767AB11ADA86F4003EE2FA /* Images.xcassets in Resources */ = {isa = PBXBuildFile; fileRef = 07767AB01ADA86F4003EE2FA /* Images.xcassets */; };
		07767AB41ADA86F4003EE2FA /* LaunchScreen.xib in Resources */ = {isa = PBXBuildFile; fileRef = 07767AB21ADA86F4003EE2FA /* LaunchScreen.xib */; };
		07767AC01ADA86F4003EE2FA /* BasicAgendaTests.swift in Sources */ = {isa = PBXBuildFile; fileRef = 07767ABF1ADA86F4003EE2FA /* BasicAgendaTests.swift */; };
		07767ACA1ADA880B003EE2FA /* Contact.swift in Sources */ = {isa = PBXBuildFile; fileRef = 07767AC91ADA880B003EE2FA /* Contact.swift */; };
		07767ACC1ADA8873003EE2FA /* TableListViewController.swift in Sources */ = {isa = PBXBuildFile; fileRef = 07767ACB1ADA8873003EE2FA /* TableListViewController.swift */; };
		07767ACE1ADA888D003EE2FA /* DetailViewController.swift in Sources */ = {isa = PBXBuildFile; fileRef = 07767ACD1ADA888D003EE2FA /* DetailViewController.swift */; };
		07767AD01ADA88A3003EE2FA /* NewContactViewController.swift in Sources */ = {isa = PBXBuildFile; fileRef = 07767ACF1ADA88A3003EE2FA /* NewContactViewController.swift */; };
/* End PBXBuildFile section */

/* Begin PBXContainerItemProxy section */
		07767ABA1ADA86F4003EE2FA /* PBXContainerItemProxy */ = {
			isa = PBXContainerItemProxy;
			containerPortal = 07767A9C1ADA86F4003EE2FA /* Project object */;
			proxyType = 1;
			remoteGlobalIDString = 07767AA31ADA86F4003EE2FA;
			remoteInfo = BasicAgenda;
		};
/* End PBXContainerItemProxy section */

/* Begin PBXFileReference section */
		07767AA41ADA86F4003EE2FA /* BasicAgenda.app */ = {isa = PBXFileReference; explicitFileType = wrapper.application; includeInIndex = 0; path = BasicAgenda.app; sourceTree = BUILT_PRODUCTS_DIR; };
		07767AA81ADA86F4003EE2FA /* Info.plist */ = {isa = PBXFileReference; lastKnownFileType = text.plist.xml; path = Info.plist; sourceTree = "<group>"; };
		07767AA91ADA86F4003EE2FA /* AppDelegate.swift */ = {isa = PBXFileReference; lastKnownFileType = sourcecode.swift; path = AppDelegate.swift; sourceTree = "<group>"; };
		07767AAE1ADA86F4003EE2FA /* Base */ = {isa = PBXFileReference; lastKnownFileType = file.storyboard; name = Base; path = Base.lproj/Main.storyboard; sourceTree = "<group>"; };
		07767AB01ADA86F4003EE2FA /* Images.xcassets */ = {isa = PBXFileReference; lastKnownFileType = folder.assetcatalog; path = Images.xcassets; sourceTree = "<group>"; };
		07767AB31ADA86F4003EE2FA /* Base */ = {isa = PBXFileReference; lastKnownFileType = file.xib; name = Base; path = Base.lproj/LaunchScreen.xib; sourceTree = "<group>"; };
		07767AB91ADA86F4003EE2FA /* BasicAgendaTests.xctest */ = {isa = PBXFileReference; explicitFileType = wrapper.cfbundle; includeInIndex = 0; path = BasicAgendaTests.xctest; sourceTree = BUILT_PRODUCTS_DIR; };
		07767ABE1ADA86F4003EE2FA /* Info.plist */ = {isa = PBXFileReference; lastKnownFileType = text.plist.xml; path = Info.plist; sourceTree = "<group>"; };
		07767ABF1ADA86F4003EE2FA /* BasicAgendaTests.swift */ = {isa = PBXFileReference; lastKnownFileType = sourcecode.swift; path = BasicAgendaTests.swift; sourceTree = "<group>"; };
		07767AC91ADA880B003EE2FA /* Contact.swift */ = {isa = PBXFileReference; fileEncoding = 4; lastKnownFileType = sourcecode.swift; path = Contact.swift; sourceTree = "<group>"; };
		07767ACB1ADA8873003EE2FA /* TableListViewController.swift */ = {isa = PBXFileReference; fileEncoding = 4; lastKnownFileType = sourcecode.swift; path = TableListViewController.swift; sourceTree = "<group>"; };
		07767ACD1ADA888D003EE2FA /* DetailViewController.swift */ = {isa = PBXFileReference; fileEncoding = 4; lastKnownFileType = sourcecode.swift; path = DetailViewController.swift; sourceTree = "<group>"; };
		07767ACF1ADA88A3003EE2FA /* NewContactViewController.swift */ = {isa = PBXFileReference; fileEncoding = 4; lastKnownFileType = sourcecode.swift; path = NewContactViewController.swift; sourceTree = "<group>"; };
/* End PBXFileReference section */

/* Begin PBXFrameworksBuildPhase section */
		07767AA11ADA86F4003EE2FA /* Frameworks */ = {
			isa = PBXFrameworksBuildPhase;
			buildActionMask = 2147483647;
			files = (
			);
			runOnlyForDeploymentPostprocessing = 0;
		};
		07767AB61ADA86F4003EE2FA /* Frameworks */ = {
			isa = PBXFrameworksBuildPhase;
			buildActionMask = 2147483647;
			files = (
			);
			runOnlyForDeploymentPostprocessing = 0;
		};
/* End PBXFrameworksBuildPhase section */

/* Begin PBXGroup section */
		07767A9B1ADA86F4003EE2FA = {
			isa = PBXGroup;
			children = (
				07767AA61ADA86F4003EE2FA /* BasicAgenda */,
				07767ABC1ADA86F4003EE2FA /* BasicAgendaTests */,
				07767AA51ADA86F4003EE2FA /* Products */,
			);
			sourceTree = "<group>";
		};
		07767AA51ADA86F4003EE2FA /* Products */ = {
			isa = PBXGroup;
			children = (
				07767AA41ADA86F4003EE2FA /* BasicAgenda.app */,
				07767AB91ADA86F4003EE2FA /* BasicAgendaTests.xctest */,
			);
			name = Products;
			sourceTree = "<group>";
		};
		07767AA61ADA86F4003EE2FA /* BasicAgenda */ = {
			isa = PBXGroup;
			children = (
				07767AA91ADA86F4003EE2FA /* AppDelegate.swift */,
				07767AC91ADA880B003EE2FA /* Contact.swift */,
				07767AAD1ADA86F4003EE2FA /* Main.storyboard */,
				07767AB01ADA86F4003EE2FA /* Images.xcassets */,
				07767AB21ADA86F4003EE2FA /* LaunchScreen.xib */,
				07767AA71ADA86F4003EE2FA /* Supporting Files */,
				07767ACB1ADA8873003EE2FA /* TableListViewController.swift */,
				07767ACD1ADA888D003EE2FA /* DetailViewController.swift */,
				07767ACF1ADA88A3003EE2FA /* NewContactViewController.swift */,
			);
			path = BasicAgenda;
			sourceTree = "<group>";
		};
		07767AA71ADA86F4003EE2FA /* Supporting Files */ = {
			isa = PBXGroup;
			children = (
				07767AA81ADA86F4003EE2FA /* Info.plist */,
			);
			name = "Supporting Files";
			sourceTree = "<group>";
		};
		07767ABC1ADA86F4003EE2FA /* BasicAgendaTests */ = {
			isa = PBXGroup;
			children = (
				07767ABF1ADA86F4003EE2FA /* BasicAgendaTests.swift */,
				07767ABD1ADA86F4003EE2FA /* Supporting Files */,
			);
			path = BasicAgendaTests;
			sourceTree = "<group>";
		};
		07767ABD1ADA86F4003EE2FA /* Supporting Files */ = {
			isa = PBXGroup;
			children = (
				07767ABE1ADA86F4003EE2FA /* Info.plist */,
			);
			name = "Supporting Files";
			sourceTree = "<group>";
		};
/* End PBXGroup section */

/* Begin PBXNativeTarget section */
		07767AA31ADA86F4003EE2FA /* BasicAgenda */ = {
			isa = PBXNativeTarget;
			buildConfigurationList = 07767AC31ADA86F4003EE2FA /* Build configuration list for PBXNativeTarget "BasicAgenda" */;
			buildPhases = (
				07767AA01ADA86F4003EE2FA /* Sources */,
				07767AA11ADA86F4003EE2FA /* Frameworks */,
				07767AA21ADA86F4003EE2FA /* Resources */,
			);
			buildRules = (
			);
			dependencies = (
			);
			name = BasicAgenda;
			productName = BasicAgenda;
			productReference = 07767AA41ADA86F4003EE2FA /* BasicAgenda.app */;
			productType = "com.apple.product-type.application";
		};
		07767AB81ADA86F4003EE2FA /* BasicAgendaTests */ = {
			isa = PBXNativeTarget;
			buildConfigurationList = 07767AC61ADA86F4003EE2FA /* Build configuration list for PBXNativeTarget "BasicAgendaTests" */;
			buildPhases = (
				07767AB51ADA86F4003EE2FA /* Sources */,
				07767AB61ADA86F4003EE2FA /* Frameworks */,
				07767AB71ADA86F4003EE2FA /* Resources */,
			);
			buildRules = (
			);
			dependencies = (
				07767ABB1ADA86F4003EE2FA /* PBXTargetDependency */,
			);
			name = BasicAgendaTests;
			productName = BasicAgendaTests;
			productReference = 07767AB91ADA86F4003EE2FA /* BasicAgendaTests.xctest */;
			productType = "com.apple.product-type.bundle.unit-test";
		};
/* End PBXNativeTarget section */

/* Begin PBXProject section */
		07767A9C1ADA86F4003EE2FA /* Project object */ = {
			isa = PBXProject;
			attributes = {
				LastSwiftMigration = 0700;
				LastSwiftUpdateCheck = 0700;
				LastUpgradeCheck = 0700;
				ORGANIZATIONNAME = "Carlos Butron";
				TargetAttributes = {
					07767AA31ADA86F4003EE2FA = {
						CreatedOnToolsVersion = 6.1;
					};
					07767AB81ADA86F4003EE2FA = {
						CreatedOnToolsVersion = 6.1;
						TestTargetID = 07767AA31ADA86F4003EE2FA;
					};
				};
			};
			buildConfigurationList = 07767A9F1ADA86F4003EE2FA /* Build configuration list for PBXProject "BasicAgenda" */;
			compatibilityVersion = "Xcode 3.2";
			developmentRegion = English;
			hasScannedForEncodings = 0;
			knownRegions = (
				en,
				Base,
			);
			mainGroup = 07767A9B1ADA86F4003EE2FA;
			productRefGroup = 07767AA51ADA86F4003EE2FA /* Products */;
			projectDirPath = "";
			projectRoot = "";
			targets = (
				07767AA31ADA86F4003EE2FA /* BasicAgenda */,
				07767AB81ADA86F4003EE2FA /* BasicAgendaTests */,
			);
		};
/* End PBXProject section */

/* Begin PBXResourcesBuildPhase section */
		07767AA21ADA86F4003EE2FA /* Resources */ = {
			isa = PBXResourcesBuildPhase;
			buildActionMask = 2147483647;
			files = (
				07767AAF1ADA86F4003EE2FA /* Main.storyboard in Resources */,
				07767AB41ADA86F4003EE2FA /* LaunchScreen.xib in Resources */,
				07767AB11ADA86F4003EE2FA /* Images.xcassets in Resources */,
			);
			runOnlyForDeploymentPostprocessing = 0;
		};
		07767AB71ADA86F4003EE2FA /* Resources */ = {
			isa = PBXResourcesBuildPhase;
			buildActionMask = 2147483647;
			files = (
			);
			runOnlyForDeploymentPostprocessing = 0;
		};
/* End PBXResourcesBuildPhase section */

/* Begin PBXSourcesBuildPhase section */
		07767AA01ADA86F4003EE2FA /* Sources */ = {
			isa = PBXSourcesBuildPhase;
			buildActionMask = 2147483647;
			files = (
				07767ACE1ADA888D003EE2FA /* DetailViewController.swift in Sources */,
				07767ACA1ADA880B003EE2FA /* Contact.swift in Sources */,
				07767AAA1ADA86F4003EE2FA /* AppDelegate.swift in Sources */,
				07767AD01ADA88A3003EE2FA /* NewContactViewController.swift in Sources */,
				07767ACC1ADA8873003EE2FA /* TableListViewController.swift in Sources */,
			);
			runOnlyForDeploymentPostprocessing = 0;
		};
		07767AB51ADA86F4003EE2FA /* Sources */ = {
			isa = PBXSourcesBuildPhase;
			buildActionMask = 2147483647;
			files = (
				07767AC01ADA86F4003EE2FA /* BasicAgendaTests.swift in Sources */,
			);
			runOnlyForDeploymentPostprocessing = 0;
		};
/* End PBXSourcesBuildPhase section */

/* Begin PBXTargetDependency section */
		07767ABB1ADA86F4003EE2FA /* PBXTargetDependency */ = {
			isa = PBXTargetDependency;
			target = 07767AA31ADA86F4003EE2FA /* BasicAgenda */;
			targetProxy = 07767ABA1ADA86F4003EE2FA /* PBXContainerItemProxy */;
		};
/* End PBXTargetDependency section */

/* Begin PBXVariantGroup section */
		07767AAD1ADA86F4003EE2FA /* Main.storyboard */ = {
			isa = PBXVariantGroup;
			children = (
				07767AAE1ADA86F4003EE2FA /* Base */,
			);
			name = Main.storyboard;
			sourceTree = "<group>";
		};
		07767AB21ADA86F4003EE2FA /* LaunchScreen.xib */ = {
			isa = PBXVariantGroup;
			children = (
				07767AB31ADA86F4003EE2FA /* Base */,
			);
			name = LaunchScreen.xib;
			sourceTree = "<group>";
		};
/* End PBXVariantGroup section */

/* Begin XCBuildConfiguration section */
		07767AC11ADA86F4003EE2FA /* Debug */ = {
			isa = XCBuildConfiguration;
			buildSettings = {
				ALWAYS_SEARCH_USER_PATHS = NO;
				CLANG_CXX_LANGUAGE_STANDARD = "gnu++0x";
				CLANG_CXX_LIBRARY = "libc++";
				CLANG_ENABLE_MODULES = YES;
				CLANG_ENABLE_OBJC_ARC = YES;
				CLANG_WARN_BOOL_CONVERSION = YES;
				CLANG_WARN_CONSTANT_CONVERSION = YES;
				CLANG_WARN_DIRECT_OBJC_ISA_USAGE = YES_ERROR;
				CLANG_WARN_EMPTY_BODY = YES;
				CLANG_WARN_ENUM_CONVERSION = YES;
				CLANG_WARN_INT_CONVERSION = YES;
				CLANG_WARN_OBJC_ROOT_CLASS = YES_ERROR;
				CLANG_WARN_UNREACHABLE_CODE = YES;
				CLANG_WARN__DUPLICATE_METHOD_MATCH = YES;
				"CODE_SIGN_IDENTITY[sdk=iphoneos*]" = "iPhone Developer";
				COPY_PHASE_STRIP = NO;
				ENABLE_STRICT_OBJC_MSGSEND = YES;
				ENABLE_TESTABILITY = YES;
				GCC_C_LANGUAGE_STANDARD = gnu99;
				GCC_DYNAMIC_NO_PIC = NO;
				GCC_OPTIMIZATION_LEVEL = 0;
				GCC_PREPROCESSOR_DEFINITIONS = (
					"DEBUG=1",
					"$(inherited)",
				);
				GCC_SYMBOLS_PRIVATE_EXTERN = NO;
				GCC_WARN_64_TO_32_BIT_CONVERSION = YES;
				GCC_WARN_ABOUT_RETURN_TYPE = YES_ERROR;
				GCC_WARN_UNDECLARED_SELECTOR = YES;
				GCC_WARN_UNINITIALIZED_AUTOS = YES_AGGRESSIVE;
				GCC_WARN_UNUSED_FUNCTION = YES;
				GCC_WARN_UNUSED_VARIABLE = YES;
				IPHONEOS_DEPLOYMENT_TARGET = 9.2;
				MTL_ENABLE_DEBUG_INFO = YES;
				ONLY_ACTIVE_ARCH = YES;
				SDKROOT = iphoneos;
				SWIFT_OPTIMIZATION_LEVEL = "-Onone";
			};
			name = Debug;
		};
		07767AC21ADA86F4003EE2FA /* Release */ = {
			isa = XCBuildConfiguration;
			buildSettings = {
				ALWAYS_SEARCH_USER_PATHS = NO;
				CLANG_CXX_LANGUAGE_STANDARD = "gnu++0x";
				CLANG_CXX_LIBRARY = "libc++";
				CLANG_ENABLE_MODULES = YES;
				CLANG_ENABLE_OBJC_ARC = YES;
				CLANG_WARN_BOOL_CONVERSION = YES;
				CLANG_WARN_CONSTANT_CONVERSION = YES;
				CLANG_WARN_DIRECT_OBJC_ISA_USAGE = YES_ERROR;
				CLANG_WARN_EMPTY_BODY = YES;
				CLANG_WARN_ENUM_CONVERSION = YES;
				CLANG_WARN_INT_CONVERSION = YES;
				CLANG_WARN_OBJC_ROOT_CLASS = YES_ERROR;
				CLANG_WARN_UNREACHABLE_CODE = YES;
				CLANG_WARN__DUPLICATE_METHOD_MATCH = YES;
				"CODE_SIGN_IDENTITY[sdk=iphoneos*]" = "iPhone Developer";
				COPY_PHASE_STRIP = YES;
				ENABLE_NS_ASSERTIONS = NO;
				ENABLE_STRICT_OBJC_MSGSEND = YES;
				GCC_C_LANGUAGE_STANDARD = gnu99;
				GCC_WARN_64_TO_32_BIT_CONVERSION = YES;
				GCC_WARN_ABOUT_RETURN_TYPE = YES_ERROR;
				GCC_WARN_UNDECLARED_SELECTOR = YES;
				GCC_WARN_UNINITIALIZED_AUTOS = YES_AGGRESSIVE;
				GCC_WARN_UNUSED_FUNCTION = YES;
				GCC_WARN_UNUSED_VARIABLE = YES;
				IPHONEOS_DEPLOYMENT_TARGET = 9.2;
				MTL_ENABLE_DEBUG_INFO = NO;
				SDKROOT = iphoneos;
				VALIDATE_PRODUCT = YES;
			};
			name = Release;
		};
		07767AC41ADA86F4003EE2FA /* Debug */ = {
			isa = XCBuildConfiguration;
			buildSettings = {
				ASSETCATALOG_COMPILER_APPICON_NAME = AppIcon;
				INFOPLIST_FILE = BasicAgenda/Info.plist;
				IPHONEOS_DEPLOYMENT_TARGET = 8.4;
				LD_RUNPATH_SEARCH_PATHS = "$(inherited) @executable_path/Frameworks";
				PRODUCT_BUNDLE_IDENTIFIER = "es.carlosbutron.$(PRODUCT_NAME:rfc1034identifier)";
				PRODUCT_NAME = "$(TARGET_NAME)";
			};
			name = Debug;
		};
		07767AC51ADA86F4003EE2FA /* Release */ = {
			isa = XCBuildConfiguration;
			buildSettings = {
				ASSETCATALOG_COMPILER_APPICON_NAME = AppIcon;
				INFOPLIST_FILE = BasicAgenda/Info.plist;
				IPHONEOS_DEPLOYMENT_TARGET = 8.4;
				LD_RUNPATH_SEARCH_PATHS = "$(inherited) @executable_path/Frameworks";
				PRODUCT_BUNDLE_IDENTIFIER = "es.carlosbutron.$(PRODUCT_NAME:rfc1034identifier)";
				PRODUCT_NAME = "$(TARGET_NAME)";
			};
			name = Release;
		};
		07767AC71ADA86F4003EE2FA /* Debug */ = {
			isa = XCBuildConfiguration;
			buildSettings = {
				BUNDLE_LOADER = "$(TEST_HOST)";
				FRAMEWORK_SEARCH_PATHS = (
					"$(SDKROOT)/Developer/Library/Frameworks",
					"$(inherited)",
				);
				GCC_PREPROCESSOR_DEFINITIONS = (
					"DEBUG=1",
					"$(inherited)",
				);
				INFOPLIST_FILE = BasicAgendaTests/Info.plist;
				LD_RUNPATH_SEARCH_PATHS = "$(inherited) @executable_path/Frameworks @loader_path/Frameworks";
				PRODUCT_BUNDLE_IDENTIFIER = "es.carlosbutron.$(PRODUCT_NAME:rfc1034identifier)";
				PRODUCT_NAME = "$(TARGET_NAME)";
				TEST_HOST = "$(BUILT_PRODUCTS_DIR)/BasicAgenda.app/BasicAgenda";
			};
			name = Debug;
		};
		07767AC81ADA86F4003EE2FA /* Release */ = {
			isa = XCBuildConfiguration;
			buildSettings = {
				BUNDLE_LOADER = "$(TEST_HOST)";
				FRAMEWORK_SEARCH_PATHS = (
					"$(SDKROOT)/Developer/Library/Frameworks",
					"$(inherited)",
				);
				INFOPLIST_FILE = BasicAgendaTests/Info.plist;
				LD_RUNPATH_SEARCH_PATHS = "$(inherited) @executable_path/Frameworks @loader_path/Frameworks";
				PRODUCT_BUNDLE_IDENTIFIER = "es.carlosbutron.$(PRODUCT_NAME:rfc1034identifier)";
				PRODUCT_NAME = "$(TARGET_NAME)";
				TEST_HOST = "$(BUILT_PRODUCTS_DIR)/BasicAgenda.app/BasicAgenda";
			};
			name = Release;
		};
/* End XCBuildConfiguration section */

/* Begin XCConfigurationList section */
		07767A9F1ADA86F4003EE2FA /* Build configuration list for PBXProject "BasicAgenda" */ = {
			isa = XCConfigurationList;
			buildConfigurations = (
				07767AC11ADA86F4003EE2FA /* Debug */,
				07767AC21ADA86F4003EE2FA /* Release */,
			);
			defaultConfigurationIsVisible = 0;
			defaultConfigurationName = Release;
		};
		07767AC31ADA86F4003EE2FA /* Build configuration list for PBXNativeTarget "BasicAgenda" */ = {
			isa = XCConfigurationList;
			buildConfigurations = (
				07767AC41ADA86F4003EE2FA /* Debug */,
				07767AC51ADA86F4003EE2FA /* Release */,
			);
			defaultConfigurationIsVisible = 0;
			defaultConfigurationName = Release;
		};
		07767AC61ADA86F4003EE2FA /* Build configuration list for PBXNativeTarget "BasicAgendaTests" */ = {
			isa = XCConfigurationList;
			buildConfigurations = (
				07767AC71ADA86F4003EE2FA /* Debug */,
				07767AC81ADA86F4003EE2FA /* Release */,
			);
			defaultConfigurationIsVisible = 0;
			defaultConfigurationName = Release;
		};
/* End XCConfigurationList section */
	};
	rootObject = 07767A9C1ADA86F4003EE2FA /* Project object */;
}
