// !$*UTF8*$!
{
	archiveVersion = 1;
	classes = {
	};
	objectVersion = 46;
	objects = {

/* Begin PBXBuildFile section */
		070F86E11A82A3CF00BB861E /* AppDelegate.swift in Sources */ = {isa = PBXBuildFile; fileRef = 070F86E01A82A3CF00BB861E /* AppDelegate.swift */; };
		070F86E31A82A3CF00BB861E /* ViewController.swift in Sources */ = {isa = PBXBuildFile; fileRef = 070F86E21A82A3CF00BB861E /* ViewController.swift */; };
		070F86E61A82A3CF00BB861E /* Main.storyboard in Resources */ = {isa = PBXBuildFile; fileRef = 070F86E41A82A3CF00BB861E /* Main.storyboard */; };
		070F86E81A82A3CF00BB861E /* Images.xcassets in Resources */ = {isa = PBXBuildFile; fileRef = 070F86E71A82A3CF00BB861E /* Images.xcassets */; };
		070F86EB1A82A3CF00BB861E /* LaunchScreen.xib in Resources */ = {isa = PBXBuildFile; fileRef = 070F86E91A82A3CF00BB861E /* LaunchScreen.xib */; };
		070F86F71A82A3CF00BB861E /* showipTests.swift in Sources */ = {isa = PBXBuildFile; fileRef = 070F86F61A82A3CF00BB861E /* showipTests.swift */; };
		070F87031A82A68B00BB861E /* objectiv.m in Sources */ = {isa = PBXBuildFile; fileRef = 070F87021A82A68B00BB861E /* objectiv.m */; };
/* End PBXBuildFile section */

/* Begin PBXContainerItemProxy section */
		070F86F11A82A3CF00BB861E /* PBXContainerItemProxy */ = {
			isa = PBXContainerItemProxy;
			containerPortal = 070F86D31A82A3CF00BB861E /* Project object */;
			proxyType = 1;
			remoteGlobalIDString = 070F86DA1A82A3CF00BB861E;
			remoteInfo = showip;
		};
/* End PBXContainerItemProxy section */

/* Begin PBXFileReference section */
		070F86DB1A82A3CF00BB861E /* showip.app */ = {isa = PBXFileReference; explicitFileType = wrapper.application; includeInIndex = 0; path = showip.app; sourceTree = BUILT_PRODUCTS_DIR; };
		070F86DF1A82A3CF00BB861E /* Info.plist */ = {isa = PBXFileReference; lastKnownFileType = text.plist.xml; path = Info.plist; sourceTree = "<group>"; };
		070F86E01A82A3CF00BB861E /* AppDelegate.swift */ = {isa = PBXFileReference; lastKnownFileType = sourcecode.swift; path = AppDelegate.swift; sourceTree = "<group>"; };
		070F86E21A82A3CF00BB861E /* ViewController.swift */ = {isa = PBXFileReference; lastKnownFileType = sourcecode.swift; path = ViewController.swift; sourceTree = "<group>"; };
		070F86E51A82A3CF00BB861E /* Base */ = {isa = PBXFileReference; lastKnownFileType = file.storyboard; name = Base; path = Base.lproj/Main.storyboard; sourceTree = "<group>"; };
		070F86E71A82A3CF00BB861E /* Images.xcassets */ = {isa = PBXFileReference; lastKnownFileType = folder.assetcatalog; path = Images.xcassets; sourceTree = "<group>"; };
		070F86EA1A82A3CF00BB861E /* Base */ = {isa = PBXFileReference; lastKnownFileType = file.xib; name = Base; path = Base.lproj/LaunchScreen.xib; sourceTree = "<group>"; };
		070F86F01A82A3CF00BB861E /* showipTests.xctest */ = {isa = PBXFileReference; explicitFileType = wrapper.cfbundle; includeInIndex = 0; path = showipTests.xctest; sourceTree = BUILT_PRODUCTS_DIR; };
		070F86F51A82A3CF00BB861E /* Info.plist */ = {isa = PBXFileReference; lastKnownFileType = text.plist.xml; path = Info.plist; sourceTree = "<group>"; };
		070F86F61A82A3CF00BB861E /* showipTests.swift */ = {isa = PBXFileReference; lastKnownFileType = sourcecode.swift; path = showipTests.swift; sourceTree = "<group>"; };
		070F87001A82A68B00BB861E /* showip-Bridging-Header.h */ = {isa = PBXFileReference; lastKnownFileType = sourcecode.c.h; path = "showip-Bridging-Header.h"; sourceTree = "<group>"; };
		070F87011A82A68B00BB861E /* objectiv.h */ = {isa = PBXFileReference; fileEncoding = 4; lastKnownFileType = sourcecode.c.h; path = objectiv.h; sourceTree = "<group>"; };
		070F87021A82A68B00BB861E /* objectiv.m */ = {isa = PBXFileReference; fileEncoding = 4; lastKnownFileType = sourcecode.c.objc; path = objectiv.m; sourceTree = "<group>"; };
/* End PBXFileReference section */

/* Begin PBXFrameworksBuildPhase section */
		070F86D81A82A3CF00BB861E /* Frameworks */ = {
			isa = PBXFrameworksBuildPhase;
			buildActionMask = 2147483647;
			files = (
			);
			runOnlyForDeploymentPostprocessing = 0;
		};
		070F86ED1A82A3CF00BB861E /* Frameworks */ = {
			isa = PBXFrameworksBuildPhase;
			buildActionMask = 2147483647;
			files = (
			);
			runOnlyForDeploymentPostprocessing = 0;
		};
/* End PBXFrameworksBuildPhase section */

/* Begin PBXGroup section */
		070F86D21A82A3CF00BB861E = {
			isa = PBXGroup;
			children = (
				070F86DD1A82A3CF00BB861E /* showip */,
				070F86F31A82A3CF00BB861E /* showipTests */,
				070F86DC1A82A3CF00BB861E /* Products */,
			);
			sourceTree = "<group>";
		};
		070F86DC1A82A3CF00BB861E /* Products */ = {
			isa = PBXGroup;
			children = (
				070F86DB1A82A3CF00BB861E /* showip.app */,
				070F86F01A82A3CF00BB861E /* showipTests.xctest */,
			);
			name = Products;
			sourceTree = "<group>";
		};
		070F86DD1A82A3CF00BB861E /* showip */ = {
			isa = PBXGroup;
			children = (
				070F86E01A82A3CF00BB861E /* AppDelegate.swift */,
				070F86E21A82A3CF00BB861E /* ViewController.swift */,
				070F86E41A82A3CF00BB861E /* Main.storyboard */,
				070F86E71A82A3CF00BB861E /* Images.xcassets */,
				070F86E91A82A3CF00BB861E /* LaunchScreen.xib */,
				070F86DE1A82A3CF00BB861E /* Supporting Files */,
				070F87011A82A68B00BB861E /* objectiv.h */,
				070F87021A82A68B00BB861E /* objectiv.m */,
				070F87001A82A68B00BB861E /* showip-Bridging-Header.h */,
			);
			path = showip;
			sourceTree = "<group>";
		};
		070F86DE1A82A3CF00BB861E /* Supporting Files */ = {
			isa = PBXGroup;
			children = (
				070F86DF1A82A3CF00BB861E /* Info.plist */,
			);
			name = "Supporting Files";
			sourceTree = "<group>";
		};
		070F86F31A82A3CF00BB861E /* showipTests */ = {
			isa = PBXGroup;
			children = (
				070F86F61A82A3CF00BB861E /* showipTests.swift */,
				070F86F41A82A3CF00BB861E /* Supporting Files */,
			);
			path = showipTests;
			sourceTree = "<group>";
		};
		070F86F41A82A3CF00BB861E /* Supporting Files */ = {
			isa = PBXGroup;
			children = (
				070F86F51A82A3CF00BB861E /* Info.plist */,
			);
			name = "Supporting Files";
			sourceTree = "<group>";
		};
/* End PBXGroup section */

/* Begin PBXNativeTarget section */
		070F86DA1A82A3CF00BB861E /* showip */ = {
			isa = PBXNativeTarget;
			buildConfigurationList = 070F86FA1A82A3CF00BB861E /* Build configuration list for PBXNativeTarget "showip" */;
			buildPhases = (
				070F86D71A82A3CF00BB861E /* Sources */,
				070F86D81A82A3CF00BB861E /* Frameworks */,
				070F86D91A82A3CF00BB861E /* Resources */,
			);
			buildRules = (
			);
			dependencies = (
			);
			name = showip;
			productName = showip;
			productReference = 070F86DB1A82A3CF00BB861E /* showip.app */;
			productType = "com.apple.product-type.application";
		};
		070F86EF1A82A3CF00BB861E /* showipTests */ = {
			isa = PBXNativeTarget;
			buildConfigurationList = 070F86FD1A82A3CF00BB861E /* Build configuration list for PBXNativeTarget "showipTests" */;
			buildPhases = (
				070F86EC1A82A3CF00BB861E /* Sources */,
				070F86ED1A82A3CF00BB861E /* Frameworks */,
				070F86EE1A82A3CF00BB861E /* Resources */,
			);
			buildRules = (
			);
			dependencies = (
				070F86F21A82A3CF00BB861E /* PBXTargetDependency */,
			);
			name = showipTests;
			productName = showipTests;
			productReference = 070F86F01A82A3CF00BB861E /* showipTests.xctest */;
			productType = "com.apple.product-type.bundle.unit-test";
		};
/* End PBXNativeTarget section */

/* Begin PBXProject section */
		070F86D31A82A3CF00BB861E /* Project object */ = {
			isa = PBXProject;
			attributes = {
				LastSwiftMigration = 0700;
				LastSwiftUpdateCheck = 0700;
				LastUpgradeCheck = 0700;
				ORGANIZATIONNAME = "Carlos Butron";
				TargetAttributes = {
					070F86DA1A82A3CF00BB861E = {
						CreatedOnToolsVersion = 6.1;
					};
					070F86EF1A82A3CF00BB861E = {
						CreatedOnToolsVersion = 6.1;
						TestTargetID = 070F86DA1A82A3CF00BB861E;
					};
				};
			};
			buildConfigurationList = 070F86D61A82A3CF00BB861E /* Build configuration list for PBXProject "showip" */;
			compatibilityVersion = "Xcode 3.2";
			developmentRegion = English;
			hasScannedForEncodings = 0;
			knownRegions = (
				en,
				Base,
			);
			mainGroup = 070F86D21A82A3CF00BB861E;
			productRefGroup = 070F86DC1A82A3CF00BB861E /* Products */;
			projectDirPath = "";
			projectRoot = "";
			targets = (
				070F86DA1A82A3CF00BB861E /* showip */,
				070F86EF1A82A3CF00BB861E /* showipTests */,
			);
		};
/* End PBXProject section */

/* Begin PBXResourcesBuildPhase section */
		070F86D91A82A3CF00BB861E /* Resources */ = {
			isa = PBXResourcesBuildPhase;
			buildActionMask = 2147483647;
			files = (
				070F86E61A82A3CF00BB861E /* Main.storyboard in Resources */,
				070F86EB1A82A3CF00BB861E /* LaunchScreen.xib in Resources */,
				070F86E81A82A3CF00BB861E /* Images.xcassets in Resources */,
			);
			runOnlyForDeploymentPostprocessing = 0;
		};
		070F86EE1A82A3CF00BB861E /* Resources */ = {
			isa = PBXResourcesBuildPhase;
			buildActionMask = 2147483647;
			files = (
			);
			runOnlyForDeploymentPostprocessing = 0;
		};
/* End PBXResourcesBuildPhase section */

/* Begin PBXSourcesBuildPhase section */
		070F86D71A82A3CF00BB861E /* Sources */ = {
			isa = PBXSourcesBuildPhase;
			buildActionMask = 2147483647;
			files = (
				070F86E31A82A3CF00BB861E /* ViewController.swift in Sources */,
				070F86E11A82A3CF00BB861E /* AppDelegate.swift in Sources */,
				070F87031A82A68B00BB861E /* objectiv.m in Sources */,
			);
			runOnlyForDeploymentPostprocessing = 0;
		};
		070F86EC1A82A3CF00BB861E /* Sources */ = {
			isa = PBXSourcesBuildPhase;
			buildActionMask = 2147483647;
			files = (
				070F86F71A82A3CF00BB861E /* showipTests.swift in Sources */,
			);
			runOnlyForDeploymentPostprocessing = 0;
		};
/* End PBXSourcesBuildPhase section */

/* Begin PBXTargetDependency section */
		070F86F21A82A3CF00BB861E /* PBXTargetDependency */ = {
			isa = PBXTargetDependency;
			target = 070F86DA1A82A3CF00BB861E /* showip */;
			targetProxy = 070F86F11A82A3CF00BB861E /* PBXContainerItemProxy */;
		};
/* End PBXTargetDependency section */

/* Begin PBXVariantGroup section */
		070F86E41A82A3CF00BB861E /* Main.storyboard */ = {
			isa = PBXVariantGroup;
			children = (
				070F86E51A82A3CF00BB861E /* Base */,
			);
			name = Main.storyboard;
			sourceTree = "<group>";
		};
		070F86E91A82A3CF00BB861E /* LaunchScreen.xib */ = {
			isa = PBXVariantGroup;
			children = (
				070F86EA1A82A3CF00BB861E /* Base */,
			);
			name = LaunchScreen.xib;
			sourceTree = "<group>";
		};
/* End PBXVariantGroup section */

/* Begin XCBuildConfiguration section */
		070F86F81A82A3CF00BB861E /* Debug */ = {
			isa = XCBuildConfiguration;
			buildSettings = {
				ALWAYS_SEARCH_USER_PATHS = NO;
				CLANG_CXX_LANGUAGE_STANDARD = "gnu++0x";
				CLANG_CXX_LIBRARY = "libc++";
				CLANG_ENABLE_MODULES = YES;
				CLANG_ENABLE_OBJC_ARC = YES;
				CLANG_WARN_BOOL_CONVERSION = YES;
				CLANG_WARN_CONSTANT_CONVERSION = YES;
				CLANG_WARN_DIRECT_OBJC_ISA_USAGE = YES_ERROR;
				CLANG_WARN_EMPTY_BODY = YES;
				CLANG_WARN_ENUM_CONVERSION = YES;
				CLANG_WARN_INT_CONVERSION = YES;
				CLANG_WARN_OBJC_ROOT_CLASS = YES_ERROR;
				CLANG_WARN_UNREACHABLE_CODE = YES;
				CLANG_WARN__DUPLICATE_METHOD_MATCH = YES;
				"CODE_SIGN_IDENTITY[sdk=iphoneos*]" = "iPhone Developer";
				COPY_PHASE_STRIP = NO;
				ENABLE_STRICT_OBJC_MSGSEND = YES;
				ENABLE_TESTABILITY = YES;
				GCC_C_LANGUAGE_STANDARD = gnu99;
				GCC_DYNAMIC_NO_PIC = NO;
				GCC_OPTIMIZATION_LEVEL = 0;
				GCC_PREPROCESSOR_DEFINITIONS = (
					"DEBUG=1",
					"$(inherited)",
				);
				GCC_SYMBOLS_PRIVATE_EXTERN = NO;
				GCC_WARN_64_TO_32_BIT_CONVERSION = YES;
				GCC_WARN_ABOUT_RETURN_TYPE = YES_ERROR;
				GCC_WARN_UNDECLARED_SELECTOR = YES;
				GCC_WARN_UNINITIALIZED_AUTOS = YES_AGGRESSIVE;
				GCC_WARN_UNUSED_FUNCTION = YES;
				GCC_WARN_UNUSED_VARIABLE = YES;
				IPHONEOS_DEPLOYMENT_TARGET = 9.0;
				MTL_ENABLE_DEBUG_INFO = YES;
				ONLY_ACTIVE_ARCH = YES;
				SDKROOT = iphoneos;
				SWIFT_OPTIMIZATION_LEVEL = "-Onone";
			};
			name = Debug;
		};
		070F86F91A82A3CF00BB861E /* Release */ = {
			isa = XCBuildConfiguration;
			buildSettings = {
				ALWAYS_SEARCH_USER_PATHS = NO;
				CLANG_CXX_LANGUAGE_STANDARD = "gnu++0x";
				CLANG_CXX_LIBRARY = "libc++";
				CLANG_ENABLE_MODULES = YES;
				CLANG_ENABLE_OBJC_ARC = YES;
				CLANG_WARN_BOOL_CONVERSION = YES;
				CLANG_WARN_CONSTANT_CONVERSION = YES;
				CLANG_WARN_DIRECT_OBJC_ISA_USAGE = YES_ERROR;
				CLANG_WARN_EMPTY_BODY = YES;
				CLANG_WARN_ENUM_CONVERSION = YES;
				CLANG_WARN_INT_CONVERSION = YES;
				CLANG_WARN_OBJC_ROOT_CLASS = YES_ERROR;
				CLANG_WARN_UNREACHABLE_CODE = YES;
				CLANG_WARN__DUPLICATE_METHOD_MATCH = YES;
				"CODE_SIGN_IDENTITY[sdk=iphoneos*]" = "iPhone Developer";
				COPY_PHASE_STRIP = YES;
				ENABLE_NS_ASSERTIONS = NO;
				ENABLE_STRICT_OBJC_MSGSEND = YES;
				GCC_C_LANGUAGE_STANDARD = gnu99;
				GCC_WARN_64_TO_32_BIT_CONVERSION = YES;
				GCC_WARN_ABOUT_RETURN_TYPE = YES_ERROR;
				GCC_WARN_UNDECLARED_SELECTOR = YES;
				GCC_WARN_UNINITIALIZED_AUTOS = YES_AGGRESSIVE;
				GCC_WARN_UNUSED_FUNCTION = YES;
				GCC_WARN_UNUSED_VARIABLE = YES;
				IPHONEOS_DEPLOYMENT_TARGET = 9.0;
				MTL_ENABLE_DEBUG_INFO = NO;
				SDKROOT = iphoneos;
				VALIDATE_PRODUCT = YES;
			};
			name = Release;
		};
		070F86FB1A82A3CF00BB861E /* Debug */ = {
			isa = XCBuildConfiguration;
			buildSettings = {
				ASSETCATALOG_COMPILER_APPICON_NAME = AppIcon;
				CLANG_ENABLE_MODULES = YES;
				INFOPLIST_FILE = showip/Info.plist;
				IPHONEOS_DEPLOYMENT_TARGET = 9.0;
				LD_RUNPATH_SEARCH_PATHS = "$(inherited) @executable_path/Frameworks";
				PRODUCT_BUNDLE_IDENTIFIER = "es.carlosbutron.$(PRODUCT_NAME:rfc1034identifier)";
				PRODUCT_NAME = "$(TARGET_NAME)";
				SWIFT_OBJC_BRIDGING_HEADER = "showip/showip-Bridging-Header.h";
				SWIFT_OPTIMIZATION_LEVEL = "-Onone";
			};
			name = Debug;
		};
		070F86FC1A82A3CF00BB861E /* Release */ = {
			isa = XCBuildConfiguration;
			buildSettings = {
				ASSETCATALOG_COMPILER_APPICON_NAME = AppIcon;
				CLANG_ENABLE_MODULES = YES;
				INFOPLIST_FILE = showip/Info.plist;
				IPHONEOS_DEPLOYMENT_TARGET = 9.0;
				LD_RUNPATH_SEARCH_PATHS = "$(inherited) @executable_path/Frameworks";
				PRODUCT_BUNDLE_IDENTIFIER = "es.carlosbutron.$(PRODUCT_NAME:rfc1034identifier)";
				PRODUCT_NAME = "$(TARGET_NAME)";
				SWIFT_OBJC_BRIDGING_HEADER = "showip/showip-Bridging-Header.h";
			};
			name = Release;
		};
		070F86FE1A82A3CF00BB861E /* Debug */ = {
			isa = XCBuildConfiguration;
			buildSettings = {
				BUNDLE_LOADER = "$(TEST_HOST)";
				FRAMEWORK_SEARCH_PATHS = (
					"$(SDKROOT)/Developer/Library/Frameworks",
					"$(inherited)",
				);
				GCC_PREPROCESSOR_DEFINITIONS = (
					"DEBUG=1",
					"$(inherited)",
				);
				INFOPLIST_FILE = showipTests/Info.plist;
				LD_RUNPATH_SEARCH_PATHS = "$(inherited) @executable_path/Frameworks @loader_path/Frameworks";
				PRODUCT_BUNDLE_IDENTIFIER = "es.carlosbutron.$(PRODUCT_NAME:rfc1034identifier)";
				PRODUCT_NAME = "$(TARGET_NAME)";
				TEST_HOST = "$(BUILT_PRODUCTS_DIR)/showip.app/showip";
			};
			name = Debug;
		};
		070F86FF1A82A3CF00BB861E /* Release */ = {
			isa = XCBuildConfiguration;
			buildSettings = {
				BUNDLE_LOADER = "$(TEST_HOST)";
				FRAMEWORK_SEARCH_PATHS = (
					"$(SDKROOT)/Developer/Library/Frameworks",
					"$(inherited)",
				);
				INFOPLIST_FILE = showipTests/Info.plist;
				LD_RUNPATH_SEARCH_PATHS = "$(inherited) @executable_path/Frameworks @loader_path/Frameworks";
				PRODUCT_BUNDLE_IDENTIFIER = "es.carlosbutron.$(PRODUCT_NAME:rfc1034identifier)";
				PRODUCT_NAME = "$(TARGET_NAME)";
				TEST_HOST = "$(BUILT_PRODUCTS_DIR)/showip.app/showip";
			};
			name = Release;
		};
/* End XCBuildConfiguration section */

/* Begin XCConfigurationList section */
		070F86D61A82A3CF00BB861E /* Build configuration list for PBXProject "showip" */ = {
			isa = XCConfigurationList;
			buildConfigurations = (
				070F86F81A82A3CF00BB861E /* Debug */,
				070F86F91A82A3CF00BB861E /* Release */,
			);
			defaultConfigurationIsVisible = 0;
			defaultConfigurationName = Release;
		};
		070F86FA1A82A3CF00BB861E /* Build configuration list for PBXNativeTarget "showip" */ = {
			isa = XCConfigurationList;
			buildConfigurations = (
				070F86FB1A82A3CF00BB861E /* Debug */,
				070F86FC1A82A3CF00BB861E /* Release */,
			);
			defaultConfigurationIsVisible = 0;
			defaultConfigurationName = Release;
		};
		070F86FD1A82A3CF00BB861E /* Build configuration list for PBXNativeTarget "showipTests" */ = {
			isa = XCConfigurationList;
			buildConfigurations = (
				070F86FE1A82A3CF00BB861E /* Debug */,
				070F86FF1A82A3CF00BB861E /* Release */,
			);
			defaultConfigurationIsVisible = 0;
			defaultConfigurationName = Release;
		};
/* End XCConfigurationList section */
	};
	rootObject = 070F86D31A82A3CF00BB861E /* Project object */;
}
