// !$*UTF8*$!
{
	archiveVersion = 1;
	classes = {
	};
	objectVersion = 46;
	objects = {

/* Begin PBXBuildFile section */
		07255F811BF7C51C00A909AA /* AppDelegate.swift in Sources */ = {isa = PBXBuildFile; fileRef = 07255F801BF7C51C00A909AA /* AppDelegate.swift */; };
		07255F831BF7C51C00A909AA /* ViewController.swift in Sources */ = {isa = PBXBuildFile; fileRef = 07255F821BF7C51C00A909AA /* ViewController.swift */; };
		07255F861BF7C51C00A909AA /* Main.storyboard in Resources */ = {isa = PBXBuildFile; fileRef = 07255F841BF7C51C00A909AA /* Main.storyboard */; };
		07255F881BF7C51C00A909AA /* Assets.xcassets in Resources */ = {isa = PBXBuildFile; fileRef = 07255F871BF7C51C00A909AA /* Assets.xcassets */; };
		07255F8B1BF7C51C00A909AA /* LaunchScreen.storyboard in Resources */ = {isa = PBXBuildFile; fileRef = 07255F891BF7C51C00A909AA /* LaunchScreen.storyboard */; };
		07255F961BF7C52F00A909AA /* penguin_walk01@2x.png in Resources */ = {isa = PBXBuildFile; fileRef = 07255F921BF7C52F00A909AA /* penguin_walk01@2x.png */; };
		07255F971BF7C52F00A909AA /* penguin_walk02@2x.png in Resources */ = {isa = PBXBuildFile; fileRef = 07255F931BF7C52F00A909AA /* penguin_walk02@2x.png */; };
		07255F981BF7C52F00A909AA /* penguin_walk03@2x.png in Resources */ = {isa = PBXBuildFile; fileRef = 07255F941BF7C52F00A909AA /* penguin_walk03@2x.png */; };
		07255F991BF7C52F00A909AA /* penguin_walk04@2x.png in Resources */ = {isa = PBXBuildFile; fileRef = 07255F951BF7C52F00A909AA /* penguin_walk04@2x.png */; };
/* End PBXBuildFile section */

/* Begin PBXFileReference section */
		07255F7D1BF7C51C00A909AA /* Animations-Gestures.app */ = {isa = PBXFileReference; explicitFileType = wrapper.application; includeInIndex = 0; path = "Animations-Gestures.app"; sourceTree = BUILT_PRODUCTS_DIR; };
		07255F801BF7C51C00A909AA /* AppDelegate.swift */ = {isa = PBXFileReference; lastKnownFileType = sourcecode.swift; path = AppDelegate.swift; sourceTree = "<group>"; };
		07255F821BF7C51C00A909AA /* ViewController.swift */ = {isa = PBXFileReference; lastKnownFileType = sourcecode.swift; path = ViewController.swift; sourceTree = "<group>"; };
		07255F851BF7C51C00A909AA /* Base */ = {isa = PBXFileReference; lastKnownFileType = file.storyboard; name = Base; path = Base.lproj/Main.storyboard; sourceTree = "<group>"; };
		07255F871BF7C51C00A909AA /* Assets.xcassets */ = {isa = PBXFileReference; lastKnownFileType = folder.assetcatalog; path = Assets.xcassets; sourceTree = "<group>"; };
		07255F8A1BF7C51C00A909AA /* Base */ = {isa = PBXFileReference; lastKnownFileType = file.storyboard; name = Base; path = Base.lproj/LaunchScreen.storyboard; sourceTree = "<group>"; };
		07255F8C1BF7C51C00A909AA /* Info.plist */ = {isa = PBXFileReference; lastKnownFileType = text.plist.xml; path = Info.plist; sourceTree = "<group>"; };
		07255F921BF7C52F00A909AA /* penguin_walk01@2x.png */ = {isa = PBXFileReference; lastKnownFileType = image.png; path = "penguin_walk01@2x.png"; sourceTree = "<group>"; };
		07255F931BF7C52F00A909AA /* penguin_walk02@2x.png */ = {isa = PBXFileReference; lastKnownFileType = image.png; path = "penguin_walk02@2x.png"; sourceTree = "<group>"; };
		07255F941BF7C52F00A909AA /* penguin_walk03@2x.png */ = {isa = PBXFileReference; lastKnownFileType = image.png; path = "penguin_walk03@2x.png"; sourceTree = "<group>"; };
		07255F951BF7C52F00A909AA /* penguin_walk04@2x.png */ = {isa = PBXFileReference; lastKnownFileType = image.png; path = "penguin_walk04@2x.png"; sourceTree = "<group>"; };
/* End PBXFileReference section */

/* Begin PBXFrameworksBuildPhase section */
		07255F7A1BF7C51C00A909AA /* Frameworks */ = {
			isa = PBXFrameworksBuildPhase;
			buildActionMask = 2147483647;
			files = (
			);
			runOnlyForDeploymentPostprocessing = 0;
		};
/* End PBXFrameworksBuildPhase section */

/* Begin PBXGroup section */
		07255F741BF7C51C00A909AA = {
			isa = PBXGroup;
			children = (
				07255F921BF7C52F00A909AA /* penguin_walk01@2x.png */,
				07255F931BF7C52F00A909AA /* penguin_walk02@2x.png */,
				07255F941BF7C52F00A909AA /* penguin_walk03@2x.png */,
				07255F951BF7C52F00A909AA /* penguin_walk04@2x.png */,
				07255F7F1BF7C51C00A909AA /* Animations-Gestures */,
				07255F7E1BF7C51C00A909AA /* Products */,
			);
			sourceTree = "<group>";
		};
		07255F7E1BF7C51C00A909AA /* Products */ = {
			isa = PBXGroup;
			children = (
				07255F7D1BF7C51C00A909AA /* Animations-Gestures.app */,
			);
			name = Products;
			sourceTree = "<group>";
		};
		07255F7F1BF7C51C00A909AA /* Animations-Gestures */ = {
			isa = PBXGroup;
			children = (
				07255F801BF7C51C00A909AA /* AppDelegate.swift */,
				07255F821BF7C51C00A909AA /* ViewController.swift */,
				07255F841BF7C51C00A909AA /* Main.storyboard */,
				07255F871BF7C51C00A909AA /* Assets.xcassets */,
				07255F891BF7C51C00A909AA /* LaunchScreen.storyboard */,
				07255F8C1BF7C51C00A909AA /* Info.plist */,
			);
			path = "Animations-Gestures";
			sourceTree = "<group>";
		};
/* End PBXGroup section */

/* Begin PBXNativeTarget section */
		07255F7C1BF7C51C00A909AA /* Animations-Gestures */ = {
			isa = PBXNativeTarget;
			buildConfigurationList = 07255F8F1BF7C51C00A909AA /* Build configuration list for PBXNativeTarget "Animations-Gestures" */;
			buildPhases = (
				07255F791BF7C51C00A909AA /* Sources */,
				07255F7A1BF7C51C00A909AA /* Frameworks */,
				07255F7B1BF7C51C00A909AA /* Resources */,
			);
			buildRules = (
			);
			dependencies = (
			);
			name = "Animations-Gestures";
			productName = "Animations-Gestures";
			productReference = 07255F7D1BF7C51C00A909AA /* Animations-Gestures.app */;
			productType = "com.apple.product-type.application";
		};
/* End PBXNativeTarget section */

/* Begin PBXProject section */
		07255F751BF7C51C00A909AA /* Project object */ = {
			isa = PBXProject;
			attributes = {
				LastSwiftUpdateCheck = 0710;
				LastUpgradeCheck = 0710;
				ORGANIZATIONNAME = "Carlos Butron";
				TargetAttributes = {
					07255F7C1BF7C51C00A909AA = {
						CreatedOnToolsVersion = 7.1;
					};
				};
			};
			buildConfigurationList = 07255F781BF7C51C00A909AA /* Build configuration list for PBXProject "Animations-Gestures" */;
			compatibilityVersion = "Xcode 3.2";
			developmentRegion = English;
			hasScannedForEncodings = 0;
			knownRegions = (
				en,
				Base,
			);
			mainGroup = 07255F741BF7C51C00A909AA;
			productRefGroup = 07255F7E1BF7C51C00A909AA /* Products */;
			projectDirPath = "";
			projectRoot = "";
			targets = (
				07255F7C1BF7C51C00A909AA /* Animations-Gestures */,
			);
		};
/* End PBXProject section */

/* Begin PBXResourcesBuildPhase section */
		07255F7B1BF7C51C00A909AA /* Resources */ = {
			isa = PBXResourcesBuildPhase;
			buildActionMask = 2147483647;
			files = (
				07255F8B1BF7C51C00A909AA /* LaunchScreen.storyboard in Resources */,
				07255F971BF7C52F00A909AA /* penguin_walk02@2x.png in Resources */,
				07255F881BF7C51C00A909AA /* Assets.xcassets in Resources */,
				07255F861BF7C51C00A909AA /* Main.storyboard in Resources */,
				07255F961BF7C52F00A909AA /* penguin_walk01@2x.png in Resources */,
				07255F991BF7C52F00A909AA /* penguin_walk04@2x.png in Resources */,
				07255F981BF7C52F00A909AA /* penguin_walk03@2x.png in Resources */,
			);
			runOnlyForDeploymentPostprocessing = 0;
		};
/* End PBXResourcesBuildPhase section */

/* Begin PBXSourcesBuildPhase section */
		07255F791BF7C51C00A909AA /* Sources */ = {
			isa = PBXSourcesBuildPhase;
			buildActionMask = 2147483647;
			files = (
				07255F831BF7C51C00A909AA /* ViewController.swift in Sources */,
				07255F811BF7C51C00A909AA /* AppDelegate.swift in Sources */,
			);
			runOnlyForDeploymentPostprocessing = 0;
		};
/* End PBXSourcesBuildPhase section */

/* Begin PBXVariantGroup section */
		07255F841BF7C51C00A909AA /* Main.storyboard */ = {
			isa = PBXVariantGroup;
			children = (
				07255F851BF7C51C00A909AA /* Base */,
			);
			name = Main.storyboard;
			sourceTree = "<group>";
		};
		07255F891BF7C51C00A909AA /* LaunchScreen.storyboard */ = {
			isa = PBXVariantGroup;
			children = (
				07255F8A1BF7C51C00A909AA /* Base */,
			);
			name = LaunchScreen.storyboard;
			sourceTree = "<group>";
		};
/* End PBXVariantGroup section */

/* Begin XCBuildConfiguration section */
		07255F8D1BF7C51C00A909AA /* Debug */ = {
			isa = XCBuildConfiguration;
			buildSettings = {
				ALWAYS_SEARCH_USER_PATHS = NO;
				CLANG_CXX_LANGUAGE_STANDARD = "gnu++0x";
				CLANG_CXX_LIBRARY = "libc++";
				CLANG_ENABLE_MODULES = YES;
				CLANG_ENABLE_OBJC_ARC = YES;
				CLANG_WARN_BOOL_CONVERSION = YES;
				CLANG_WARN_CONSTANT_CONVERSION = YES;
				CLANG_WARN_DIRECT_OBJC_ISA_USAGE = YES_ERROR;
				CLANG_WARN_EMPTY_BODY = YES;
				CLANG_WARN_ENUM_CONVERSION = YES;
				CLANG_WARN_INT_CONVERSION = YES;
				CLANG_WARN_OBJC_ROOT_CLASS = YES_ERROR;
				CLANG_WARN_UNREACHABLE_CODE = YES;
				CLANG_WARN__DUPLICATE_METHOD_MATCH = YES;
				"CODE_SIGN_IDENTITY[sdk=iphoneos*]" = "iPhone Developer";
				COPY_PHASE_STRIP = NO;
				DEBUG_INFORMATION_FORMAT = dwarf;
				ENABLE_STRICT_OBJC_MSGSEND = YES;
				ENABLE_TESTABILITY = YES;
				GCC_C_LANGUAGE_STANDARD = gnu99;
				GCC_DYNAMIC_NO_PIC = NO;
				GCC_NO_COMMON_BLOCKS = YES;
				GCC_OPTIMIZATION_LEVEL = 0;
				GCC_PREPROCESSOR_DEFINITIONS = (
					"DEBUG=1",
					"$(inherited)",
				);
				GCC_WARN_64_TO_32_BIT_CONVERSION = YES;
				GCC_WARN_ABOUT_RETURN_TYPE = YES_ERROR;
				GCC_WARN_UNDECLARED_SELECTOR = YES;
				GCC_WARN_UNINITIALIZED_AUTOS = YES_AGGRESSIVE;
				GCC_WARN_UNUSED_FUNCTION = YES;
				GCC_WARN_UNUSED_VARIABLE = YES;
				IPHONEOS_DEPLOYMENT_TARGET = 9.1;
				MTL_ENABLE_DEBUG_INFO = YES;
				ONLY_ACTIVE_ARCH = YES;
				SDKROOT = iphoneos;
				SWIFT_OPTIMIZATION_LEVEL = "-Onone";
			};
			name = Debug;
		};
		07255F8E1BF7C51C00A909AA /* Release */ = {
			isa = XCBuildConfiguration;
			buildSettings = {
				ALWAYS_SEARCH_USER_PATHS = NO;
				CLANG_CXX_LANGUAGE_STANDARD = "gnu++0x";
				CLANG_CXX_LIBRARY = "libc++";
				CLANG_ENABLE_MODULES = YES;
				CLANG_ENABLE_OBJC_ARC = YES;
				CLANG_WARN_BOOL_CONVERSION = YES;
				CLANG_WARN_CONSTANT_CONVERSION = YES;
				CLANG_WARN_DIRECT_OBJC_ISA_USAGE = YES_ERROR;
				CLANG_WARN_EMPTY_BODY = YES;
				CLANG_WARN_ENUM_CONVERSION = YES;
				CLANG_WARN_INT_CONVERSION = YES;
				CLANG_WARN_OBJC_ROOT_CLASS = YES_ERROR;
				CLANG_WARN_UNREACHABLE_CODE = YES;
				CLANG_WARN__DUPLICATE_METHOD_MATCH = YES;
				"CODE_SIGN_IDENTITY[sdk=iphoneos*]" = "iPhone Developer";
				COPY_PHASE_STRIP = NO;
				DEBUG_INFORMATION_FORMAT = "dwarf-with-dsym";
				ENABLE_NS_ASSERTIONS = NO;
				ENABLE_STRICT_OBJC_MSGSEND = YES;
				GCC_C_LANGUAGE_STANDARD = gnu99;
				GCC_NO_COMMON_BLOCKS = YES;
				GCC_WARN_64_TO_32_BIT_CONVERSION = YES;
				GCC_WARN_ABOUT_RETURN_TYPE = YES_ERROR;
				GCC_WARN_UNDECLARED_SELECTOR = YES;
				GCC_WARN_UNINITIALIZED_AUTOS = YES_AGGRESSIVE;
				GCC_WARN_UNUSED_FUNCTION = YES;
				GCC_WARN_UNUSED_VARIABLE = YES;
				IPHONEOS_DEPLOYMENT_TARGET = 9.1;
				MTL_ENABLE_DEBUG_INFO = NO;
				SDKROOT = iphoneos;
				VALIDATE_PRODUCT = YES;
			};
			name = Release;
		};
		07255F901BF7C51C00A909AA /* Debug */ = {
			isa = XCBuildConfiguration;
			buildSettings = {
				ASSETCATALOG_COMPILER_APPICON_NAME = AppIcon;
				INFOPLIST_FILE = "Animations-Gestures/Info.plist";
				IPHONEOS_DEPLOYMENT_TARGET = 9.3;
				LD_RUNPATH_SEARCH_PATHS = "$(inherited) @executable_path/Frameworks";
				PRODUCT_BUNDLE_IDENTIFIER = "es.carlosbutron.Animations-Gestures";
				PRODUCT_NAME = "$(TARGET_NAME)";
			};
			name = Debug;
		};
		07255F911BF7C51C00A909AA /* Release */ = {
			isa = XCBuildConfiguration;
			buildSettings = {
				ASSETCATALOG_COMPILER_APPICON_NAME = AppIcon;
				INFOPLIST_FILE = "Animations-Gestures/Info.plist";
				IPHONEOS_DEPLOYMENT_TARGET = 9.3;
				LD_RUNPATH_SEARCH_PATHS = "$(inherited) @executable_path/Frameworks";
				PRODUCT_BUNDLE_IDENTIFIER = "es.carlosbutron.Animations-Gestures";
				PRODUCT_NAME = "$(TARGET_NAME)";
			};
			name = Release;
		};
/* End XCBuildConfiguration section */

/* Begin XCConfigurationList section */
		07255F781BF7C51C00A909AA /* Build configuration list for PBXProject "Animations-Gestures" */ = {
			isa = XCConfigurationList;
			buildConfigurations = (
				07255F8D1BF7C51C00A909AA /* Debug */,
				07255F8E1BF7C51C00A909AA /* Release */,
			);
			defaultConfigurationIsVisible = 0;
			defaultConfigurationName = Release;
		};
		07255F8F1BF7C51C00A909AA /* Build configuration list for PBXNativeTarget "Animations-Gestures" */ = {
			isa = XCConfigurationList;
			buildConfigurations = (
				07255F901BF7C51C00A909AA /* Debug */,
				07255F911BF7C51C00A909AA /* Release */,
			);
			defaultConfigurationIsVisible = 0;
			defaultConfigurationName = Release;
		};
/* End XCConfigurationList section */
	};
	rootObject = 07255F751BF7C51C00A909AA /* Project object */;
}
